// !$*UTF8*$!
{
	archiveVersion = 1;
	classes = {
	};
	objectVersion = 46;
	objects = {

/* Begin PBXBuildFile section */
		8EDC7F8618F5473900A7528F /* Foundation.framework in Frameworks */ = {isa = PBXBuildFile; fileRef = 8EDC7F8518F5473900A7528F /* Foundation.framework */; };
		8EDC7F8818F5473900A7528F /* CoreGraphics.framework in Frameworks */ = {isa = PBXBuildFile; fileRef = 8EDC7F8718F5473900A7528F /* CoreGraphics.framework */; };
		8EDC7F8A18F5473900A7528F /* UIKit.framework in Frameworks */ = {isa = PBXBuildFile; fileRef = 8EDC7F8918F5473900A7528F /* UIKit.framework */; };
		8EDC7F8C18F5473900A7528F /* SpriteKit.framework in Frameworks */ = {isa = PBXBuildFile; fileRef = 8EDC7F8B18F5473900A7528F /* SpriteKit.framework */; };
		8EDC7F9218F5473900A7528F /* InfoPlist.strings in Resources */ = {isa = PBXBuildFile; fileRef = 8EDC7F9018F5473900A7528F /* InfoPlist.strings */; };
		8EDC7F9418F5473900A7528F /* main.m in Sources */ = {isa = PBXBuildFile; fileRef = 8EDC7F9318F5473900A7528F /* main.m */; };
		8EDC7F9818F5473900A7528F /* AppDelegate.m in Sources */ = {isa = PBXBuildFile; fileRef = 8EDC7F9718F5473900A7528F /* AppDelegate.m */; };
		8EDC7F9E18F5473900A7528F /* Main_iPad.storyboard in Resources */ = {isa = PBXBuildFile; fileRef = 8EDC7F9C18F5473900A7528F /* Main_iPad.storyboard */; };
		8EDC7FA818F5473900A7528F /* Images.xcassets in Resources */ = {isa = PBXBuildFile; fileRef = 8EDC7FA718F5473900A7528F /* Images.xcassets */; };
		8EDC7FAF18F5473900A7528F /* XCTest.framework in Frameworks */ = {isa = PBXBuildFile; fileRef = 8EDC7FAE18F5473900A7528F /* XCTest.framework */; };
		8EDC7FB018F5473900A7528F /* Foundation.framework in Frameworks */ = {isa = PBXBuildFile; fileRef = 8EDC7F8518F5473900A7528F /* Foundation.framework */; };
		8EDC7FB118F5473900A7528F /* UIKit.framework in Frameworks */ = {isa = PBXBuildFile; fileRef = 8EDC7F8918F5473900A7528F /* UIKit.framework */; };
		8EDC7FB918F5473900A7528F /* InfoPlist.strings in Resources */ = {isa = PBXBuildFile; fileRef = 8EDC7FB718F5473900A7528F /* InfoPlist.strings */; };
		8EDC7FBB18F5473900A7528F /* AGGameTests.m in Sources */ = {isa = PBXBuildFile; fileRef = 8EDC7FBA18F5473900A7528F /* AGGameTests.m */; };
		8EDC7FCA18F547DB00A7528F /* GameScene.m in Sources */ = {isa = PBXBuildFile; fileRef = 8EDC7FC618F547DB00A7528F /* GameScene.m */; };
		8EDC7FCB18F547DB00A7528F /* GameSceneViewController.m in Sources */ = {isa = PBXBuildFile; fileRef = 8EDC7FC918F547DB00A7528F /* GameSceneViewController.m */; };
		8EDC7FCF18F5480100A7528F /* AGFadingSegue.m in Sources */ = {isa = PBXBuildFile; fileRef = 8EDC7FCE18F5480100A7528F /* AGFadingSegue.m */; };
		8EDC7FD218F548F200A7528F /* Main_iPhone.storyboard in Resources */ = {isa = PBXBuildFile; fileRef = 8EDC7FD018F548F200A7528F /* Main_iPhone.storyboard */; };
		8EDC7FD818F5712900A7528F /* Constants.m in Sources */ = {isa = PBXBuildFile; fileRef = 8EDC7FD718F5712900A7528F /* Constants.m */; };
/* End PBXBuildFile section */

/* Begin PBXContainerItemProxy section */
		8EDC7FB218F5473900A7528F /* PBXContainerItemProxy */ = {
			isa = PBXContainerItemProxy;
			containerPortal = 8EDC7F7A18F5473800A7528F /* Project object */;
			proxyType = 1;
			remoteGlobalIDString = 8EDC7F8118F5473900A7528F;
			remoteInfo = AGGame;
		};
/* End PBXContainerItemProxy section */

/* Begin PBXFileReference section */
		8EDC7F8218F5473900A7528F /* AGGame.app */ = {isa = PBXFileReference; explicitFileType = wrapper.application; includeInIndex = 0; path = AGGame.app; sourceTree = BUILT_PRODUCTS_DIR; };
		8EDC7F8518F5473900A7528F /* Foundation.framework */ = {isa = PBXFileReference; lastKnownFileType = wrapper.framework; name = Foundation.framework; path = System/Library/Frameworks/Foundation.framework; sourceTree = SDKROOT; };
		8EDC7F8718F5473900A7528F /* CoreGraphics.framework */ = {isa = PBXFileReference; lastKnownFileType = wrapper.framework; name = CoreGraphics.framework; path = System/Library/Frameworks/CoreGraphics.framework; sourceTree = SDKROOT; };
		8EDC7F8918F5473900A7528F /* UIKit.framework */ = {isa = PBXFileReference; lastKnownFileType = wrapper.framework; name = UIKit.framework; path = System/Library/Frameworks/UIKit.framework; sourceTree = SDKROOT; };
		8EDC7F8B18F5473900A7528F /* SpriteKit.framework */ = {isa = PBXFileReference; lastKnownFileType = wrapper.framework; name = SpriteKit.framework; path = System/Library/Frameworks/SpriteKit.framework; sourceTree = SDKROOT; };
		8EDC7F8F18F5473900A7528F /* AGGame-Info.plist */ = {isa = PBXFileReference; lastKnownFileType = text.plist.xml; path = "AGGame-Info.plist"; sourceTree = "<group>"; };
		8EDC7F9118F5473900A7528F /* en */ = {isa = PBXFileReference; lastKnownFileType = text.plist.strings; name = en; path = en.lproj/InfoPlist.strings; sourceTree = "<group>"; };
		8EDC7F9318F5473900A7528F /* main.m */ = {isa = PBXFileReference; lastKnownFileType = sourcecode.c.objc; path = main.m; sourceTree = "<group>"; };
		8EDC7F9518F5473900A7528F /* AGGame-Prefix.pch */ = {isa = PBXFileReference; lastKnownFileType = sourcecode.c.h; path = "AGGame-Prefix.pch"; sourceTree = "<group>"; };
		8EDC7F9618F5473900A7528F /* AppDelegate.h */ = {isa = PBXFileReference; lastKnownFileType = sourcecode.c.h; path = AppDelegate.h; sourceTree = "<group>"; };
		8EDC7F9718F5473900A7528F /* AppDelegate.m */ = {isa = PBXFileReference; lastKnownFileType = sourcecode.c.objc; path = AppDelegate.m; sourceTree = "<group>"; };
		8EDC7F9D18F5473900A7528F /* Base */ = {isa = PBXFileReference; lastKnownFileType = file.storyboard; name = Base; path = Base.lproj/Main_iPad.storyboard; sourceTree = "<group>"; };
		8EDC7FA718F5473900A7528F /* Images.xcassets */ = {isa = PBXFileReference; lastKnownFileType = folder.assetcatalog; path = Images.xcassets; sourceTree = "<group>"; };
		8EDC7FAD18F5473900A7528F /* AGGameTests.xctest */ = {isa = PBXFileReference; explicitFileType = wrapper.cfbundle; includeInIndex = 0; path = AGGameTests.xctest; sourceTree = BUILT_PRODUCTS_DIR; };
		8EDC7FAE18F5473900A7528F /* XCTest.framework */ = {isa = PBXFileReference; lastKnownFileType = wrapper.framework; name = XCTest.framework; path = Library/Frameworks/XCTest.framework; sourceTree = DEVELOPER_DIR; };
		8EDC7FB618F5473900A7528F /* AGGameTests-Info.plist */ = {isa = PBXFileReference; lastKnownFileType = text.plist.xml; path = "AGGameTests-Info.plist"; sourceTree = "<group>"; };
		8EDC7FB818F5473900A7528F /* en */ = {isa = PBXFileReference; lastKnownFileType = text.plist.strings; name = en; path = en.lproj/InfoPlist.strings; sourceTree = "<group>"; };
		8EDC7FBA18F5473900A7528F /* AGGameTests.m */ = {isa = PBXFileReference; lastKnownFileType = sourcecode.c.objc; path = AGGameTests.m; sourceTree = "<group>"; };
		8EDC7FC518F547DB00A7528F /* GameScene.h */ = {isa = PBXFileReference; fileEncoding = 4; lastKnownFileType = sourcecode.c.h; path = GameScene.h; sourceTree = "<group>"; };
		8EDC7FC618F547DB00A7528F /* GameScene.m */ = {isa = PBXFileReference; fileEncoding = 4; lastKnownFileType = sourcecode.c.objc; path = GameScene.m; sourceTree = "<group>"; };
		8EDC7FC818F547DB00A7528F /* GameSceneViewController.h */ = {isa = PBXFileReference; fileEncoding = 4; lastKnownFileType = sourcecode.c.h; path = GameSceneViewController.h; sourceTree = "<group>"; };
		8EDC7FC918F547DB00A7528F /* GameSceneViewController.m */ = {isa = PBXFileReference; fileEncoding = 4; lastKnownFileType = sourcecode.c.objc; path = GameSceneViewController.m; sourceTree = "<group>"; };
		8EDC7FCD18F5480100A7528F /* AGFadingSegue.h */ = {isa = PBXFileReference; fileEncoding = 4; lastKnownFileType = sourcecode.c.h; path = AGFadingSegue.h; sourceTree = "<group>"; };
		8EDC7FCE18F5480100A7528F /* AGFadingSegue.m */ = {isa = PBXFileReference; fileEncoding = 4; lastKnownFileType = sourcecode.c.objc; path = AGFadingSegue.m; sourceTree = "<group>"; };
		8EDC7FD118F548F200A7528F /* Base */ = {isa = PBXFileReference; lastKnownFileType = file.storyboard; name = Base; path = Base.lproj/Main_iPhone.storyboard; sourceTree = "<group>"; };
		8EDC7FD418F54C3700A7528F /* Constants.h */ = {isa = PBXFileReference; fileEncoding = 4; lastKnownFileType = sourcecode.c.h; path = Constants.h; sourceTree = "<group>"; };
		8EDC7FD718F5712900A7528F /* Constants.m */ = {isa = PBXFileReference; fileEncoding = 4; lastKnownFileType = sourcecode.c.objc; path = Constants.m; sourceTree = "<group>"; };
/* End PBXFileReference section */

/* Begin PBXFrameworksBuildPhase section */
		8EDC7F7F18F5473900A7528F /* Frameworks */ = {
			isa = PBXFrameworksBuildPhase;
			buildActionMask = 2147483647;
			files = (
				8EDC7F8818F5473900A7528F /* CoreGraphics.framework in Frameworks */,
				8EDC7F8A18F5473900A7528F /* UIKit.framework in Frameworks */,
				8EDC7F8C18F5473900A7528F /* SpriteKit.framework in Frameworks */,
				8EDC7F8618F5473900A7528F /* Foundation.framework in Frameworks */,
			);
			runOnlyForDeploymentPostprocessing = 0;
		};
		8EDC7FAA18F5473900A7528F /* Frameworks */ = {
			isa = PBXFrameworksBuildPhase;
			buildActionMask = 2147483647;
			files = (
				8EDC7FAF18F5473900A7528F /* XCTest.framework in Frameworks */,
				8EDC7FB118F5473900A7528F /* UIKit.framework in Frameworks */,
				8EDC7FB018F5473900A7528F /* Foundation.framework in Frameworks */,
			);
			runOnlyForDeploymentPostprocessing = 0;
		};
/* End PBXFrameworksBuildPhase section */

/* Begin PBXGroup section */
		8E72757418FBCFA100518E9A /* Resources */ = {
			isa = PBXGroup;
			children = (
				8E72757D18FBD2BE00518E9A /* Particles */,
				8E72757518FBCFA100518E9A /* Images */,
				8E72757718FBCFA100518E9A /* Sounds */,
			);
			path = Resources;
			sourceTree = "<group>";
		};
		8E72757518FBCFA100518E9A /* Images */ = {
			isa = PBXGroup;
			children = (
				8E72757618FBCFA100518E9A /* UI */,
			);
			path = Images;
			sourceTree = "<group>";
		};
		8E72757618FBCFA100518E9A /* UI */ = {
			isa = PBXGroup;
			children = (
			);
			path = UI;
			sourceTree = "<group>";
		};
		8E72757718FBCFA100518E9A /* Sounds */ = {
			isa = PBXGroup;
			children = (
			);
			path = Sounds;
			sourceTree = "<group>";
		};
		8E72757818FBD03200518E9A /* Nodes */ = {
			isa = PBXGroup;
			children = (
			);
			path = Nodes;
			sourceTree = "<group>";
		};
		8E72757D18FBD2BE00518E9A /* Particles */ = {
			isa = PBXGroup;
			children = (
			);
			path = Particles;
			sourceTree = "<group>";
		};
		8EDC7F7918F5473800A7528F = {
			isa = PBXGroup;
			children = (
				8EDC7F8D18F5473900A7528F /* AGGame */,
				8EDC7FB418F5473900A7528F /* AGGameTests */,
				8EDC7F8418F5473900A7528F /* Frameworks */,
				8EDC7F8318F5473900A7528F /* Products */,
			);
			sourceTree = "<group>";
		};
		8EDC7F8318F5473900A7528F /* Products */ = {
			isa = PBXGroup;
			children = (
				8EDC7F8218F5473900A7528F /* AGGame.app */,
				8EDC7FAD18F5473900A7528F /* AGGameTests.xctest */,
			);
			name = Products;
			sourceTree = "<group>";
		};
		8EDC7F8418F5473900A7528F /* Frameworks */ = {
			isa = PBXGroup;
			children = (
				8EDC7F8518F5473900A7528F /* Foundation.framework */,
				8EDC7F8718F5473900A7528F /* CoreGraphics.framework */,
				8EDC7F8918F5473900A7528F /* UIKit.framework */,
				8EDC7F8B18F5473900A7528F /* SpriteKit.framework */,
				8EDC7FAE18F5473900A7528F /* XCTest.framework */,
			);
			name = Frameworks;
			sourceTree = "<group>";
		};
		8EDC7F8D18F5473900A7528F /* AGGame */ = {
			isa = PBXGroup;
			children = (
				8E72757818FBD03200518E9A /* Nodes */,
				8E72757418FBCFA100518E9A /* Resources */,
				8EDC7FD318F54C3700A7528F /* Utilities */,
				8EDC7FCC18F5480100A7528F /* Segues */,
				8EDC7FC418F547DB00A7528F /* Scenes */,
				8EDC7FC718F547DB00A7528F /* ViewControllers */,
				8EDC7F9618F5473900A7528F /* AppDelegate.h */,
				8EDC7F9718F5473900A7528F /* AppDelegate.m */,
				8EDC7FD018F548F200A7528F /* Main_iPhone.storyboard */,
				8EDC7F9C18F5473900A7528F /* Main_iPad.storyboard */,
				8EDC7FA718F5473900A7528F /* Images.xcassets */,
				8EDC7F8E18F5473900A7528F /* Supporting Files */,
			);
			path = AGGame;
			sourceTree = "<group>";
		};
		8EDC7F8E18F5473900A7528F /* Supporting Files */ = {
			isa = PBXGroup;
			children = (
				8EDC7F8F18F5473900A7528F /* AGGame-Info.plist */,
				8EDC7F9018F5473900A7528F /* InfoPlist.strings */,
				8EDC7F9318F5473900A7528F /* main.m */,
				8EDC7F9518F5473900A7528F /* AGGame-Prefix.pch */,
			);
			name = "Supporting Files";
			sourceTree = "<group>";
		};
		8EDC7FB418F5473900A7528F /* AGGameTests */ = {
			isa = PBXGroup;
			children = (
				8EDC7FBA18F5473900A7528F /* AGGameTests.m */,
				8EDC7FB518F5473900A7528F /* Supporting Files */,
			);
			path = AGGameTests;
			sourceTree = "<group>";
		};
		8EDC7FB518F5473900A7528F /* Supporting Files */ = {
			isa = PBXGroup;
			children = (
				8EDC7FB618F5473900A7528F /* AGGameTests-Info.plist */,
				8EDC7FB718F5473900A7528F /* InfoPlist.strings */,
			);
			name = "Supporting Files";
			sourceTree = "<group>";
		};
		8EDC7FC418F547DB00A7528F /* Scenes */ = {
			isa = PBXGroup;
			children = (
				8EDC7FC518F547DB00A7528F /* GameScene.h */,
				8EDC7FC618F547DB00A7528F /* GameScene.m */,
			);
			path = Scenes;
			sourceTree = "<group>";
		};
		8EDC7FC718F547DB00A7528F /* ViewControllers */ = {
			isa = PBXGroup;
			children = (
				8EDC7FC818F547DB00A7528F /* GameSceneViewController.h */,
				8EDC7FC918F547DB00A7528F /* GameSceneViewController.m */,
			);
			path = ViewControllers;
			sourceTree = "<group>";
		};
		8EDC7FCC18F5480100A7528F /* Segues */ = {
			isa = PBXGroup;
			children = (
				8EDC7FCD18F5480100A7528F /* AGFadingSegue.h */,
				8EDC7FCE18F5480100A7528F /* AGFadingSegue.m */,
			);
			path = Segues;
			sourceTree = "<group>";
		};
		8EDC7FD318F54C3700A7528F /* Utilities */ = {
			isa = PBXGroup;
			children = (
				8EDC7FD418F54C3700A7528F /* Constants.h */,
				8EDC7FD718F5712900A7528F /* Constants.m */,
			);
			path = Utilities;
			sourceTree = "<group>";
		};
/* End PBXGroup section */

/* Begin PBXNativeTarget section */
		8EDC7F8118F5473900A7528F /* AGGame */ = {
			isa = PBXNativeTarget;
			buildConfigurationList = 8EDC7FBE18F5473900A7528F /* Build configuration list for PBXNativeTarget "AGGame" */;
			buildPhases = (
				8EDC7F7E18F5473900A7528F /* Sources */,
				8EDC7F7F18F5473900A7528F /* Frameworks */,
				8EDC7F8018F5473900A7528F /* Resources */,
			);
			buildRules = (
			);
			dependencies = (
			);
			name = AGGame;
			productName = AGGame;
			productReference = 8EDC7F8218F5473900A7528F /* AGGame.app */;
			productType = "com.apple.product-type.application";
		};
		8EDC7FAC18F5473900A7528F /* AGGameTests */ = {
			isa = PBXNativeTarget;
			buildConfigurationList = 8EDC7FC118F5473900A7528F /* Build configuration list for PBXNativeTarget "AGGameTests" */;
			buildPhases = (
				8EDC7FA918F5473900A7528F /* Sources */,
				8EDC7FAA18F5473900A7528F /* Frameworks */,
				8EDC7FAB18F5473900A7528F /* Resources */,
			);
			buildRules = (
			);
			dependencies = (
				8EDC7FB318F5473900A7528F /* PBXTargetDependency */,
			);
			name = AGGameTests;
			productName = AGGameTests;
			productReference = 8EDC7FAD18F5473900A7528F /* AGGameTests.xctest */;
			productType = "com.apple.product-type.bundle.unit-test";
		};
/* End PBXNativeTarget section */

/* Begin PBXProject section */
		8EDC7F7A18F5473800A7528F /* Project object */ = {
			isa = PBXProject;
			attributes = {
				LastUpgradeCheck = 0510;
				ORGANIZATIONNAME = "Andrey Gordeev";
				TargetAttributes = {
					8EDC7FAC18F5473900A7528F = {
						TestTargetID = 8EDC7F8118F5473900A7528F;
					};
				};
			};
			buildConfigurationList = 8EDC7F7D18F5473800A7528F /* Build configuration list for PBXProject "AGGame" */;
			compatibilityVersion = "Xcode 3.2";
			developmentRegion = English;
			hasScannedForEncodings = 0;
			knownRegions = (
				en,
				Base,
			);
			mainGroup = 8EDC7F7918F5473800A7528F;
			productRefGroup = 8EDC7F8318F5473900A7528F /* Products */;
			projectDirPath = "";
			projectRoot = "";
			targets = (
				8EDC7F8118F5473900A7528F /* AGGame */,
				8EDC7FAC18F5473900A7528F /* AGGameTests */,
			);
		};
/* End PBXProject section */

/* Begin PBXResourcesBuildPhase section */
		8EDC7F8018F5473900A7528F /* Resources */ = {
			isa = PBXResourcesBuildPhase;
			buildActionMask = 2147483647;
			files = (
				8EDC7FD218F548F200A7528F /* Main_iPhone.storyboard in Resources */,
				8EDC7FA818F5473900A7528F /* Images.xcassets in Resources */,
				8EDC7F9E18F5473900A7528F /* Main_iPad.storyboard in Resources */,
				8EDC7F9218F5473900A7528F /* InfoPlist.strings in Resources */,
			);
			runOnlyForDeploymentPostprocessing = 0;
		};
		8EDC7FAB18F5473900A7528F /* Resources */ = {
			isa = PBXResourcesBuildPhase;
			buildActionMask = 2147483647;
			files = (
				8EDC7FB918F5473900A7528F /* InfoPlist.strings in Resources */,
			);
			runOnlyForDeploymentPostprocessing = 0;
		};
/* End PBXResourcesBuildPhase section */

/* Begin PBXSourcesBuildPhase section */
		8EDC7F7E18F5473900A7528F /* Sources */ = {
			isa = PBXSourcesBuildPhase;
			buildActionMask = 2147483647;
			files = (
				8EDC7FCA18F547DB00A7528F /* GameScene.m in Sources */,
				8EDC7FCF18F5480100A7528F /* AGFadingSegue.m in Sources */,
				8EDC7F9818F5473900A7528F /* AppDelegate.m in Sources */,
				8EDC7FCB18F547DB00A7528F /* GameSceneViewController.m in Sources */,
				8EDC7F9418F5473900A7528F /* main.m in Sources */,
				8EDC7FD818F5712900A7528F /* Constants.m in Sources */,
			);
			runOnlyForDeploymentPostprocessing = 0;
		};
		8EDC7FA918F5473900A7528F /* Sources */ = {
			isa = PBXSourcesBuildPhase;
			buildActionMask = 2147483647;
			files = (
				8EDC7FBB18F5473900A7528F /* AGGameTests.m in Sources */,
			);
			runOnlyForDeploymentPostprocessing = 0;
		};
/* End PBXSourcesBuildPhase section */

/* Begin PBXTargetDependency section */
		8EDC7FB318F5473900A7528F /* PBXTargetDependency */ = {
			isa = PBXTargetDependency;
			target = 8EDC7F8118F5473900A7528F /* AGGame */;
			targetProxy = 8EDC7FB218F5473900A7528F /* PBXContainerItemProxy */;
		};
/* End PBXTargetDependency section */

/* Begin PBXVariantGroup section */
		8EDC7F9018F5473900A7528F /* InfoPlist.strings */ = {
			isa = PBXVariantGroup;
			children = (
				8EDC7F9118F5473900A7528F /* en */,
			);
			name = InfoPlist.strings;
			sourceTree = "<group>";
		};
		8EDC7F9C18F5473900A7528F /* Main_iPad.storyboard */ = {
			isa = PBXVariantGroup;
			children = (
				8EDC7F9D18F5473900A7528F /* Base */,
			);
			name = Main_iPad.storyboard;
			sourceTree = "<group>";
		};
		8EDC7FB718F5473900A7528F /* InfoPlist.strings */ = {
			isa = PBXVariantGroup;
			children = (
				8EDC7FB818F5473900A7528F /* en */,
			);
			name = InfoPlist.strings;
			sourceTree = "<group>";
		};
		8EDC7FD018F548F200A7528F /* Main_iPhone.storyboard */ = {
			isa = PBXVariantGroup;
			children = (
				8EDC7FD118F548F200A7528F /* Base */,
			);
			name = Main_iPhone.storyboard;
			sourceTree = "<group>";
		};
/* End PBXVariantGroup section */

/* Begin XCBuildConfiguration section */
		8EDC7FBC18F5473900A7528F /* Debug */ = {
			isa = XCBuildConfiguration;
			buildSettings = {
				ALWAYS_SEARCH_USER_PATHS = NO;
				CLANG_CXX_LANGUAGE_STANDARD = "gnu++0x";
				CLANG_CXX_LIBRARY = "libc++";
				CLANG_ENABLE_MODULES = YES;
				CLANG_ENABLE_OBJC_ARC = YES;
				CLANG_WARN_BOOL_CONVERSION = YES;
				CLANG_WARN_CONSTANT_CONVERSION = YES;
				CLANG_WARN_DIRECT_OBJC_ISA_USAGE = YES_ERROR;
				CLANG_WARN_EMPTY_BODY = YES;
				CLANG_WARN_ENUM_CONVERSION = YES;
				CLANG_WARN_INT_CONVERSION = YES;
				CLANG_WARN_OBJC_ROOT_CLASS = YES_ERROR;
				CLANG_WARN__DUPLICATE_METHOD_MATCH = YES;
				"CODE_SIGN_IDENTITY[sdk=iphoneos*]" = "iPhone Developer";
				COPY_PHASE_STRIP = NO;
				GCC_C_LANGUAGE_STANDARD = gnu99;
				GCC_DYNAMIC_NO_PIC = NO;
				GCC_OPTIMIZATION_LEVEL = 0;
				GCC_PREPROCESSOR_DEFINITIONS = (
					"DEBUG=1",
					"$(inherited)",
				);
				GCC_SYMBOLS_PRIVATE_EXTERN = NO;
				GCC_WARN_64_TO_32_BIT_CONVERSION = YES;
				GCC_WARN_ABOUT_RETURN_TYPE = YES_ERROR;
				GCC_WARN_UNDECLARED_SELECTOR = YES;
				GCC_WARN_UNINITIALIZED_AUTOS = YES_AGGRESSIVE;
				GCC_WARN_UNUSED_FUNCTION = YES;
				GCC_WARN_UNUSED_VARIABLE = YES;
				IPHONEOS_DEPLOYMENT_TARGET = 7.1;
				ONLY_ACTIVE_ARCH = YES;
				SDKROOT = iphoneos;
				TARGETED_DEVICE_FAMILY = "1,2";
			};
			name = Debug;
		};
		8EDC7FBD18F5473900A7528F /* Release */ = {
			isa = XCBuildConfiguration;
			buildSettings = {
				ALWAYS_SEARCH_USER_PATHS = NO;
				CLANG_CXX_LANGUAGE_STANDARD = "gnu++0x";
				CLANG_CXX_LIBRARY = "libc++";
				CLANG_ENABLE_MODULES = YES;
				CLANG_ENABLE_OBJC_ARC = YES;
				CLANG_WARN_BOOL_CONVERSION = YES;
				CLANG_WARN_CONSTANT_CONVERSION = YES;
				CLANG_WARN_DIRECT_OBJC_ISA_USAGE = YES_ERROR;
				CLANG_WARN_EMPTY_BODY = YES;
				CLANG_WARN_ENUM_CONVERSION = YES;
				CLANG_WARN_INT_CONVERSION = YES;
				CLANG_WARN_OBJC_ROOT_CLASS = YES_ERROR;
				CLANG_WARN__DUPLICATE_METHOD_MATCH = YES;
				"CODE_SIGN_IDENTITY[sdk=iphoneos*]" = "iPhone Developer";
				COPY_PHASE_STRIP = YES;
				ENABLE_NS_ASSERTIONS = NO;
				GCC_C_LANGUAGE_STANDARD = gnu99;
				GCC_WARN_64_TO_32_BIT_CONVERSION = YES;
				GCC_WARN_ABOUT_RETURN_TYPE = YES_ERROR;
				GCC_WARN_UNDECLARED_SELECTOR = YES;
				GCC_WARN_UNINITIALIZED_AUTOS = YES_AGGRESSIVE;
				GCC_WARN_UNUSED_FUNCTION = YES;
				GCC_WARN_UNUSED_VARIABLE = YES;
				IPHONEOS_DEPLOYMENT_TARGET = 7.1;
				SDKROOT = iphoneos;
				TARGETED_DEVICE_FAMILY = "1,2";
				VALIDATE_PRODUCT = YES;
			};
			name = Release;
		};
		8EDC7FBF18F5473900A7528F /* Debug */ = {
			isa = XCBuildConfiguration;
			buildSettings = {
				ASSETCATALOG_COMPILER_APPICON_NAME = AppIcon;
				ASSETCATALOG_COMPILER_LAUNCHIMAGE_NAME = LaunchImage;
				GCC_PRECOMPILE_PREFIX_HEADER = YES;
				GCC_PREFIX_HEADER = "AGGame/AGGame-Prefix.pch";
				INFOPLIST_FILE = "AGGame/AGGame-Info.plist";
				IPHONEOS_DEPLOYMENT_TARGET = 7.0;
				PRODUCT_NAME = "$(TARGET_NAME)";
				SPRITEKIT_TEXTURE_ATLAS_OUTPUT = YES;
				WRAPPER_EXTENSION = app;
			};
			name = Debug;
		};
		8EDC7FC018F5473900A7528F /* Release */ = {
			isa = XCBuildConfiguration;
			buildSettings = {
				ASSETCATALOG_COMPILER_APPICON_NAME = AppIcon;
				ASSETCATALOG_COMPILER_LAUNCHIMAGE_NAME = LaunchImage;
				GCC_PRECOMPILE_PREFIX_HEADER = YES;
				GCC_PREFIX_HEADER = "AGGame/AGGame-Prefix.pch";
				INFOPLIST_FILE = "AGGame/AGGame-Info.plist";
				IPHONEOS_DEPLOYMENT_TARGET = 7.0;
				PRODUCT_NAME = "$(TARGET_NAME)";
				SPRITEKIT_TEXTURE_ATLAS_OUTPUT = YES;
				WRAPPER_EXTENSION = app;
			};
			name = Release;
		};
		8EDC7FC218F5473900A7528F /* Debug */ = {
			isa = XCBuildConfiguration;
			buildSettings = {
				BUNDLE_LOADER = "$(BUILT_PRODUCTS_DIR)/AGGame.app/AGGame";
				FRAMEWORK_SEARCH_PATHS = (
					"$(SDKROOT)/Developer/Library/Frameworks",
					"$(inherited)",
					"$(DEVELOPER_FRAMEWORKS_DIR)",
				);
				GCC_PRECOMPILE_PREFIX_HEADER = YES;
				GCC_PREFIX_HEADER = "AGGame/AGGame-Prefix.pch";
				GCC_PREPROCESSOR_DEFINITIONS = (
					"DEBUG=1",
					"$(inherited)",
				);
				INFOPLIST_FILE = "AGGameTests/AGGameTests-Info.plist";
				PRODUCT_NAME = "$(TARGET_NAME)";
				TEST_HOST = "$(BUNDLE_LOADER)";
				WRAPPER_EXTENSION = xctest;
			};
			name = Debug;
		};
		8EDC7FC318F5473900A7528F /* Release */ = {
			isa = XCBuildConfiguration;
			buildSettings = {
				BUNDLE_LOADER = "$(BUILT_PRODUCTS_DIR)/AGGame.app/AGGame";
				FRAMEWORK_SEARCH_PATHS = (
					"$(SDKROOT)/Developer/Library/Frameworks",
					"$(inherited)",
					"$(DEVELOPER_FRAMEWORKS_DIR)",
				);
				GCC_PRECOMPILE_PREFIX_HEADER = YES;
				GCC_PREFIX_HEADER = "AGGame/AGGame-Prefix.pch";
				INFOPLIST_FILE = "AGGameTests/AGGameTests-Info.plist";
				PRODUCT_NAME = "$(TARGET_NAME)";
				TEST_HOST = "$(BUNDLE_LOADER)";
				WRAPPER_EXTENSION = xctest;
			};
			name = Release;
		};
/* End XCBuildConfiguration section */

/* Begin XCConfigurationList section */
		8EDC7F7D18F5473800A7528F /* Build configuration list for PBXProject "AGGame" */ = {
			isa = XCConfigurationList;
			buildConfigurations = (
				8EDC7FBC18F5473900A7528F /* Debug */,
				8EDC7FBD18F5473900A7528F /* Release */,
			);
			defaultConfigurationIsVisible = 0;
			defaultConfigurationName = Release;
		};
		8EDC7FBE18F5473900A7528F /* Build configuration list for PBXNativeTarget "AGGame" */ = {
			isa = XCConfigurationList;
			buildConfigurations = (
				8EDC7FBF18F5473900A7528F /* Debug */,
				8EDC7FC018F5473900A7528F /* Release */,
			);
			defaultConfigurationIsVisible = 0;
			defaultConfigurationName = Release;
		};
		8EDC7FC118F5473900A7528F /* Build configuration list for PBXNativeTarget "AGGameTests" */ = {
			isa = XCConfigurationList;
			buildConfigurations = (
				8EDC7FC218F5473900A7528F /* Debug */,
				8EDC7FC318F5473900A7528F /* Release */,
			);
			defaultConfigurationIsVisible = 0;
			defaultConfigurationName = Release;
		};
/* End XCConfigurationList section */
	};
	rootObject = 8EDC7F7A18F5473800A7528F /* Project object */;
}
